// !$*UTF8*$!
{
	archiveVersion = 1;
	classes = {
	};
	objectVersion = 50;
	objects = {

/* Begin PBXBuildFile section */
		D036712C2149AEE400F60280 /* AppDelegate.swift in Sources */ = {isa = PBXBuildFile; fileRef = D036712B2149AEE400F60280 /* AppDelegate.swift */; };
		D03671312149AEE400F60280 /* Main.storyboard in Resources */ = {isa = PBXBuildFile; fileRef = D036712F2149AEE400F60280 /* Main.storyboard */; };
		D03671342149AEE400F60280 /* CustomCellDemo.xcdatamodeld in Sources */ = {isa = PBXBuildFile; fileRef = D03671322149AEE400F60280 /* CustomCellDemo.xcdatamodeld */; };
		D03671362149AEE500F60280 /* Assets.xcassets in Resources */ = {isa = PBXBuildFile; fileRef = D03671352149AEE500F60280 /* Assets.xcassets */; };
		D03671392149AEE500F60280 /* LaunchScreen.storyboard in Resources */ = {isa = PBXBuildFile; fileRef = D03671372149AEE500F60280 /* LaunchScreen.storyboard */; };
		D03671412149AF6500F60280 /* MainTableViewController.swift in Sources */ = {isa = PBXBuildFile; fileRef = D03671402149AF6500F60280 /* MainTableViewController.swift */; };
		D03671432149B0D900F60280 /* CustomCell.swift in Sources */ = {isa = PBXBuildFile; fileRef = D03671422149B0D900F60280 /* CustomCell.swift */; };
/* End PBXBuildFile section */

/* Begin PBXFileReference section */
		D03671282149AEE400F60280 /* CustomCellDemo.app */ = {isa = PBXFileReference; explicitFileType = wrapper.application; includeInIndex = 0; path = CustomCellDemo.app; sourceTree = BUILT_PRODUCTS_DIR; };
		D036712B2149AEE400F60280 /* AppDelegate.swift */ = {isa = PBXFileReference; lastKnownFileType = sourcecode.swift; path = AppDelegate.swift; sourceTree = "<group>"; };
		D03671302149AEE400F60280 /* Base */ = {isa = PBXFileReference; lastKnownFileType = file.storyboard; name = Base; path = Base.lproj/Main.storyboard; sourceTree = "<group>"; };
		D03671332149AEE400F60280 /* CustomCellDemo.xcdatamodel */ = {isa = PBXFileReference; lastKnownFileType = wrapper.xcdatamodel; path = CustomCellDemo.xcdatamodel; sourceTree = "<group>"; };
		D03671352149AEE500F60280 /* Assets.xcassets */ = {isa = PBXFileReference; lastKnownFileType = folder.assetcatalog; path = Assets.xcassets; sourceTree = "<group>"; };
		D03671382149AEE500F60280 /* Base */ = {isa = PBXFileReference; lastKnownFileType = file.storyboard; name = Base; path = Base.lproj/LaunchScreen.storyboard; sourceTree = "<group>"; };
		D036713A2149AEE500F60280 /* Info.plist */ = {isa = PBXFileReference; lastKnownFileType = text.plist.xml; path = Info.plist; sourceTree = "<group>"; };
		D03671402149AF6500F60280 /* MainTableViewController.swift */ = {isa = PBXFileReference; lastKnownFileType = sourcecode.swift; path = MainTableViewController.swift; sourceTree = "<group>"; };
		D03671422149B0D900F60280 /* CustomCell.swift */ = {isa = PBXFileReference; lastKnownFileType = sourcecode.swift; path = CustomCell.swift; sourceTree = "<group>"; };
/* End PBXFileReference section */

/* Begin PBXFrameworksBuildPhase section */
		D03671252149AEE400F60280 /* Frameworks */ = {
			isa = PBXFrameworksBuildPhase;
			buildActionMask = 2147483647;
			files = (
			);
			runOnlyForDeploymentPostprocessing = 0;
		};
/* End PBXFrameworksBuildPhase section */

/* Begin PBXGroup section */
		D036711F2149AEE400F60280 = {
			isa = PBXGroup;
			children = (
				D036712A2149AEE400F60280 /* CustomCellDemo */,
				D03671292149AEE400F60280 /* Products */,
			);
			sourceTree = "<group>";
		};
		D03671292149AEE400F60280 /* Products */ = {
			isa = PBXGroup;
			children = (
				D03671282149AEE400F60280 /* CustomCellDemo.app */,
			);
			name = Products;
			sourceTree = "<group>";
		};
		D036712A2149AEE400F60280 /* CustomCellDemo */ = {
			isa = PBXGroup;
			children = (
				D036712B2149AEE400F60280 /* AppDelegate.swift */,
				D036712F2149AEE400F60280 /* Main.storyboard */,
				D03671422149B0D900F60280 /* CustomCell.swift */,
				D03671402149AF6500F60280 /* MainTableViewController.swift */,
				D03671352149AEE500F60280 /* Assets.xcassets */,
				D03671372149AEE500F60280 /* LaunchScreen.storyboard */,
				D036713A2149AEE500F60280 /* Info.plist */,
				D03671322149AEE400F60280 /* CustomCellDemo.xcdatamodeld */,
			);
			path = CustomCellDemo;
			sourceTree = "<group>";
		};
/* End PBXGroup section */

/* Begin PBXNativeTarget section */
		D03671272149AEE400F60280 /* CustomCellDemo */ = {
			isa = PBXNativeTarget;
			buildConfigurationList = D036713D2149AEE500F60280 /* Build configuration list for PBXNativeTarget "CustomCellDemo" */;
			buildPhases = (
				D03671242149AEE400F60280 /* Sources */,
				D03671252149AEE400F60280 /* Frameworks */,
				D03671262149AEE400F60280 /* Resources */,
			);
			buildRules = (
			);
			dependencies = (
			);
			name = CustomCellDemo;
			productName = CustomCellDemo;
			productReference = D03671282149AEE400F60280 /* CustomCellDemo.app */;
			productType = "com.apple.product-type.application";
		};
/* End PBXNativeTarget section */

/* Begin PBXProject section */
		D03671202149AEE400F60280 /* Project object */ = {
			isa = PBXProject;
			attributes = {
				LastSwiftUpdateCheck = 0940;
				LastUpgradeCheck = 0940;
				ORGANIZATIONNAME = "Amanda Demetrio";
				TargetAttributes = {
					D03671272149AEE400F60280 = {
						CreatedOnToolsVersion = 9.4.1;
					};
				};
			};
			buildConfigurationList = D03671232149AEE400F60280 /* Build configuration list for PBXProject "CustomCellDemo" */;
			compatibilityVersion = "Xcode 9.3";
			developmentRegion = en;
			hasScannedForEncodings = 0;
			knownRegions = (
				en,
				Base,
			);
			mainGroup = D036711F2149AEE400F60280;
			productRefGroup = D03671292149AEE400F60280 /* Products */;
			projectDirPath = "";
			projectRoot = "";
			targets = (
				D03671272149AEE400F60280 /* CustomCellDemo */,
			);
		};
/* End PBXProject section */

/* Begin PBXResourcesBuildPhase section */
		D03671262149AEE400F60280 /* Resources */ = {
			isa = PBXResourcesBuildPhase;
			buildActionMask = 2147483647;
			files = (
				D03671392149AEE500F60280 /* LaunchScreen.storyboard in Resources */,
				D03671362149AEE500F60280 /* Assets.xcassets in Resources */,
				D03671312149AEE400F60280 /* Main.storyboard in Resources */,
			);
			runOnlyForDeploymentPostprocessing = 0;
		};
/* End PBXResourcesBuildPhase section */

/* Begin PBXSourcesBuildPhase section */
		D03671242149AEE400F60280 /* Sources */ = {
			isa = PBXSourcesBuildPhase;
			buildActionMask = 2147483647;
			files = (
				D03671412149AF6500F60280 /* MainTableViewController.swift in Sources */,
				D03671342149AEE400F60280 /* CustomCellDemo.xcdatamodeld in Sources */,
				D03671432149B0D900F60280 /* CustomCell.swift in Sources */,
				D036712C2149AEE400F60280 /* AppDelegate.swift in Sources */,
			);
			runOnlyForDeploymentPostprocessing = 0;
		};
/* End PBXSourcesBuildPhase section */

/* Begin PBXVariantGroup section */
		D036712F2149AEE400F60280 /* Main.storyboard */ = {
			isa = PBXVariantGroup;
			children = (
				D03671302149AEE400F60280 /* Base */,
			);
			name = Main.storyboard;
			sourceTree = "<group>";
		};
		D03671372149AEE500F60280 /* LaunchScreen.storyboard */ = {
			isa = PBXVariantGroup;
			children = (
				D03671382149AEE500F60280 /* Base */,
			);
			name = LaunchScreen.storyboard;
			sourceTree = "<group>";
		};
/* End PBXVariantGroup section */

/* Begin XCBuildConfiguration section */
		D036713B2149AEE500F60280 /* Debug */ = {
			isa = XCBuildConfiguration;
			buildSettings = {
				ALWAYS_SEARCH_USER_PATHS = NO;
				CLANG_ANALYZER_NONNULL = YES;
				CLANG_ANALYZER_NUMBER_OBJECT_CONVERSION = YES_AGGRESSIVE;
				CLANG_CXX_LANGUAGE_STANDARD = "gnu++14";
				CLANG_CXX_LIBRARY = "libc++";
				CLANG_ENABLE_MODULES = YES;
				CLANG_ENABLE_OBJC_ARC = YES;
				CLANG_ENABLE_OBJC_WEAK = YES;
				CLANG_WARN_BLOCK_CAPTURE_AUTORELEASING = YES;
				CLANG_WARN_BOOL_CONVERSION = YES;
				CLANG_WARN_COMMA = YES;
				CLANG_WARN_CONSTANT_CONVERSION = YES;
				CLANG_WARN_DEPRECATED_OBJC_IMPLEMENTATIONS = YES;
				CLANG_WARN_DIRECT_OBJC_ISA_USAGE = YES_ERROR;
				CLANG_WARN_DOCUMENTATION_COMMENTS = YES;
				CLANG_WARN_EMPTY_BODY = YES;
				CLANG_WARN_ENUM_CONVERSION = YES;
				CLANG_WARN_INFINITE_RECURSION = YES;
				CLANG_WARN_INT_CONVERSION = YES;
				CLANG_WARN_NON_LITERAL_NULL_CONVERSION = YES;
				CLANG_WARN_OBJC_IMPLICIT_RETAIN_SELF = YES;
				CLANG_WARN_OBJC_LITERAL_CONVERSION = YES;
				CLANG_WARN_OBJC_ROOT_CLASS = YES_ERROR;
				CLANG_WARN_RANGE_LOOP_ANALYSIS = YES;
				CLANG_WARN_STRICT_PROTOTYPES = YES;
				CLANG_WARN_SUSPICIOUS_MOVE = YES;
				CLANG_WARN_UNGUARDED_AVAILABILITY = YES_AGGRESSIVE;
				CLANG_WARN_UNREACHABLE_CODE = YES;
				CLANG_WARN__DUPLICATE_METHOD_MATCH = YES;
				CODE_SIGN_IDENTITY = "iPhone Developer";
				COPY_PHASE_STRIP = NO;
				DEBUG_INFORMATION_FORMAT = dwarf;
				ENABLE_STRICT_OBJC_MSGSEND = YES;
				ENABLE_TESTABILITY = YES;
				GCC_C_LANGUAGE_STANDARD = gnu11;
				GCC_DYNAMIC_NO_PIC = NO;
				GCC_NO_COMMON_BLOCKS = YES;
				GCC_OPTIMIZATION_LEVEL = 0;
				GCC_PREPROCESSOR_DEFINITIONS = (
					"DEBUG=1",
					"$(inherited)",
				);
				GCC_WARN_64_TO_32_BIT_CONVERSION = YES;
				GCC_WARN_ABOUT_RETURN_TYPE = YES_ERROR;
				GCC_WARN_UNDECLARED_SELECTOR = YES;
				GCC_WARN_UNINITIALIZED_AUTOS = YES_AGGRESSIVE;
				GCC_WARN_UNUSED_FUNCTION = YES;
				GCC_WARN_UNUSED_VARIABLE = YES;
				IPHONEOS_DEPLOYMENT_TARGET = 11.4;
				MTL_ENABLE_DEBUG_INFO = YES;
				ONLY_ACTIVE_ARCH = YES;
				SDKROOT = iphoneos;
				SWIFT_ACTIVE_COMPILATION_CONDITIONS = DEBUG;
				SWIFT_OPTIMIZATION_LEVEL = "-Onone";
			};
			name = Debug;
		};
		D036713C2149AEE500F60280 /* Release */ = {
			isa = XCBuildConfiguration;
			buildSettings = {
				ALWAYS_SEARCH_USER_PATHS = NO;
				CLANG_ANALYZER_NONNULL = YES;
				CLANG_ANALYZER_NUMBER_OBJECT_CONVERSION = YES_AGGRESSIVE;
				CLANG_CXX_LANGUAGE_STANDARD = "gnu++14";
				CLANG_CXX_LIBRARY = "libc++";
				CLANG_ENABLE_MODULES = YES;
				CLANG_ENABLE_OBJC_ARC = YES;
				CLANG_ENABLE_OBJC_WEAK = YES;
				CLANG_WARN_BLOCK_CAPTURE_AUTORELEASING = YES;
				CLANG_WARN_BOOL_CONVERSION = YES;
				CLANG_WARN_COMMA = YES;
				CLANG_WARN_CONSTANT_CONVERSION = YES;
				CLANG_WARN_DEPRECATED_OBJC_IMPLEMENTATIONS = YES;
				CLANG_WARN_DIRECT_OBJC_ISA_USAGE = YES_ERROR;
				CLANG_WARN_DOCUMENTATION_COMMENTS = YES;
				CLANG_WARN_EMPTY_BODY = YES;
				CLANG_WARN_ENUM_CONVERSION = YES;
				CLANG_WARN_INFINITE_RECURSION = YES;
				CLANG_WARN_INT_CONVERSION = YES;
				CLANG_WARN_NON_LITERAL_NULL_CONVERSION = YES;
				CLANG_WARN_OBJC_IMPLICIT_RETAIN_SELF = YES;
				CLANG_WARN_OBJC_LITERAL_CONVERSION = YES;
				CLANG_WARN_OBJC_ROOT_CLASS = YES_ERROR;
				CLANG_WARN_RANGE_LOOP_ANALYSIS = YES;
				CLANG_WARN_STRICT_PROTOTYPES = YES;
				CLANG_WARN_SUSPICIOUS_MOVE = YES;
				CLANG_WARN_UNGUARDED_AVAILABILITY = YES_AGGRESSIVE;
				CLANG_WARN_UNREACHABLE_CODE = YES;
				CLANG_WARN__DUPLICATE_METHOD_MATCH = YES;
				CODE_SIGN_IDENTITY = "iPhone Developer";
				COPY_PHASE_STRIP = NO;
				DEBUG_INFORMATION_FORMAT = "dwarf-with-dsym";
				ENABLE_NS_ASSERTIONS = NO;
				ENABLE_STRICT_OBJC_MSGSEND = YES;
				GCC_C_LANGUAGE_STANDARD = gnu11;
				GCC_NO_COMMON_BLOCKS = YES;
				GCC_WARN_64_TO_32_BIT_CONVERSION = YES;
				GCC_WARN_ABOUT_RETURN_TYPE = YES_ERROR;
				GCC_WARN_UNDECLARED_SELECTOR = YES;
				GCC_WARN_UNINITIALIZED_AUTOS = YES_AGGRESSIVE;
				GCC_WARN_UNUSED_FUNCTION = YES;
				GCC_WARN_UNUSED_VARIABLE = YES;
				IPHONEOS_DEPLOYMENT_TARGET = 11.4;
				MTL_ENABLE_DEBUG_INFO = NO;
				SDKROOT = iphoneos;
				SWIFT_COMPILATION_MODE = wholemodule;
				SWIFT_OPTIMIZATION_LEVEL = "-O";
				VALIDATE_PRODUCT = YES;
			};
			name = Release;
		};
		D036713E2149AEE500F60280 /* Debug */ = {
			isa = XCBuildConfiguration;
			buildSettings = {
				ASSETCATALOG_COMPILER_APPICON_NAME = AppIcon;
				CODE_SIGN_STYLE = Automatic;
				DEVELOPMENT_TEAM = Y3JS8H9524;
				INFOPLIST_FILE = CustomCellDemo/Info.plist;
				LD_RUNPATH_SEARCH_PATHS = (
					"$(inherited)",
					"@executable_path/Frameworks",
				);
				PRODUCT_BUNDLE_IDENTIFIER = com.amandademetrio.CustomCellDemo;
				PRODUCT_NAME = "$(TARGET_NAME)";
				SWIFT_VERSION = 4.0;
				TARGETED_DEVICE_FAMILY = "1,2";
			};
			name = Debug;
		};
		D036713F2149AEE500F60280 /* Release */ = {
			isa = XCBuildConfiguration;
			buildSettings = {
				ASSETCATALOG_COMPILER_APPICON_NAME = AppIcon;
				CODE_SIGN_STYLE = Automatic;
				DEVELOPMENT_TEAM = Y3JS8H9524;
				INFOPLIST_FILE = CustomCellDemo/Info.plist;
				LD_RUNPATH_SEARCH_PATHS = (
					"$(inherited)",
					"@executable_path/Frameworks",
				);
				PRODUCT_BUNDLE_IDENTIFIER = com.amandademetrio.CustomCellDemo;
				PRODUCT_NAME = "$(TARGET_NAME)";
				SWIFT_VERSION = 4.0;
				TARGETED_DEVICE_FAMILY = "1,2";
			};
			name = Release;
		};
/* End XCBuildConfiguration section */

/* Begin XCConfigurationList section */
		D03671232149AEE400F60280 /* Build configuration list for PBXProject "CustomCellDemo" */ = {
			isa = XCConfigurationList;
			buildConfigurations = (
				D036713B2149AEE500F60280 /* Debug */,
				D036713C2149AEE500F60280 /* Release */,
			);
			defaultConfigurationIsVisible = 0;
			defaultConfigurationName = Release;
		};
		D036713D2149AEE500F60280 /* Build configuration list for PBXNativeTarget "CustomCellDemo" */ = {
			isa = XCConfigurationList;
			buildConfigurations = (
				D036713E2149AEE500F60280 /* Debug */,
				D036713F2149AEE500F60280 /* Release */,
			);
			defaultConfigurationIsVisible = 0;
			defaultConfigurationName = Release;
		};
/* End XCConfigurationList section */

/* Begin XCVersionGroup section */
		D03671322149AEE400F60280 /* CustomCellDemo.xcdatamodeld */ = {
			isa = XCVersionGroup;
			children = (
				D03671332149AEE400F60280 /* CustomCellDemo.xcdatamodel */,
			);
			currentVersion = D03671332149AEE400F60280 /* CustomCellDemo.xcdatamodel */;
			path = CustomCellDemo.xcdatamodeld;
			sourceTree = "<group>";
			versionGroupType = wrapper.xcdatamodel;
		};
/* End XCVersionGroup section */
	};
	rootObject = D03671202149AEE400F60280 /* Project object */;
}
